absl-py==2.4.0
ADTOF @ git+https://github.com/MZehren/ADTOF.git@b3968fb332f69b65ee07c089fc62f436503755db
antlr4-python3-runtime==4.9.3
anyio==4.13.0
astunparse==1.6.3
attrs==26.1.0
audio-separator==0.44.1
audioread==3.1.0
basic-pitch==0.4.0
beartype==0.18.5
beat-this==1.1.0
beautifulsoup4==4.14.3
certifi==2026.4.22
cffi==2.0.0
charset-normalizer==3.4.7
cloudpickle==3.1.2
contourpy==1.3.3
cycler==0.12.1
Cython==3.2.4
decorator==5.2.1
demucs==4.0.1
diffq==0.2.4
dora_search==0.1.12
EasyProcess==1.1
einops==0.8.2
entrypoint2==1.1
essentia==2.1b6.dev1389
ffmpeg-python==0.2.0
Figures==0.4.4
filelock==3.25.2
flatbuffers==25.12.19
fonttools==4.62.1
fsspec==2026.2.0
future==1.0.0
gast==0.7.0
google-pasta==0.2.0
grpcio==1.80.0
h11==0.16.0
h5py==3.14.0
httpcore==1.0.9
httpx==0.28.1
hyper-connections==0.4.10
idna==3.16
importlib_resources==7.1.0
iniconfig==2.3.0
jams==0.3.5
jellyfish==1.2.1
Jinja2==3.1.6
joblib==1.5.3
jsonschema==4.26.0
jsonschema-specifications==2025.9.1
julius==0.2.7
keras==3.14.0
kiwisolver==1.5.0
lameenc==1.8.2
lazy-loader==0.5
libclang==18.1.1
librosa==0.11.0
llvmlite==0.47.0
local-attention==1.11.2
lv-chordia==1.0.0
madmom @ git+https://github.com/CPJKU/madmom.git@27f032e8947204902c675e5e341a3faf5dc86dae
markdown-it-py==4.0.0
MarkupSafe==3.0.3
matplotlib==3.10.9
mdurl==0.1.2
mido==1.3.3
mir_eval==0.8.2
ml_collections==1.1.0
ml_dtypes==0.5.4
mpmath==1.3.0
msgpack==1.1.2
namex==0.1.0
networkx==3.6.1
nnAudio==0.3.3
numba==0.65.1
numpy==2.2.6
nvidia-cublas-cu12==12.6.4.1
nvidia-cuda-cupti-cu12==12.6.80
nvidia-cuda-nvrtc-cu12==12.6.77
nvidia-cuda-runtime-cu12==12.6.77
nvidia-cudnn-cu12==9.5.1.17
nvidia-cufft-cu12==11.3.0.4
nvidia-cufile-cu12==1.11.1.6
nvidia-curand-cu12==10.3.7.77
nvidia-cusolver-cu12==11.7.1.2
nvidia-cusparse-cu12==12.5.4.2
nvidia-cusparselt-cu12==0.6.3
nvidia-nccl-cu12==2.26.2
nvidia-nvjitlink-cu12==12.6.85
nvidia-nvtx-cu12==12.6.77
omegaconf==2.3.0
onnx-weekly==1.22.0.dev20260421
onnx2torch-py313==1.6.0
onnxruntime-gpu==1.25.1
openunmix==1.3.0
opt_einsum==3.4.0
optree==0.19.0
packaging==26.2
pandas==3.0.2
pesto-pitch==2.0.1
piano-transcription-inference==0.0.6
pillow==12.1.1
platformdirs==4.9.6
pluggy==1.6.0
pooch==1.9.0
pretty_midi==0.2.11
protobuf==7.34.1
pumpp==0.6.0
pycparser==3.0
pydub==0.25.1
Pygments==2.20.0
pyparsing==3.3.2
pytest==9.0.3
python-dateutil==2.9.0.post0
python-dotenv==1.2.2
pyunpack==0.3
PyYAML==6.0.3
referencing==0.37.0
requests==2.33.1
resampy==0.4.2
retrying==1.4.2
rich==15.0.0
rotary-embedding-torch==0.6.5
rpds-py==0.30.0
samplerate==0.1.0
scikit-learn==1.8.0
scipy==1.17.1
six==1.17.0
skey @ git+https://github.com/deezer/skey.git@918b83d273568d5041569bb8068843d19a335726
sortedcontainers==2.4.0
soundfile==0.13.1
soupsieve==2.8.3
soxr==1.0.0
sqlparse==0.5.5
submitit==1.5.4
sympy==1.14.0
tapcorrect @ git+https://github.com/MZehren/tapcorrect@4f2d21e73fb0137119a4136513c42936b322fc0b#subdirectory=python
tensorflow==2.21.0
termcolor==3.3.0
tf_keras==2.21.0
threadpoolctl==3.6.0
torch==2.7.1+cu126
torch-einops-utils==0.0.30
torchaudio==2.7.1+cu126
torchfcpe==0.0.4
torchlibrosa==0.1.0
torchvision==0.22.1+cu126
tqdm==4.67.3
treetable==0.2.6
triton==3.3.0
typing_extensions==4.15.0
urllib3==2.6.3
wrapt==2.1.2
